
Microsoft Visual Studio Solution File, Format Version 12.00
# Visual Studio 15
VisualStudioVersion = 15.0.26430.15
MinimumVisualStudioVersion = 10.0.40219.1
Project("{FAE04EC0-301F-11D3-BF4B-00C04F79EFBC}") = "TradingPlatform", "TradingPlatform\TradingPlatform.csproj", "{E0A7BD89-A225-477D-9219-2A7E226B9ED4}"
EndProject
Project("{FAE04EC0-301F-11D3-BF4B-00C04F79EFBC}") = "TradingPlatform.Tests", "TradingPlatform.Tests\TradingPlatform.Tests.csproj", "{D31CF719-5183-44A0-BABE-6B7EEE29E4F9}"
EndProject
Global
	GlobalSection(SolutionConfigurationPlatforms) = preSolution
		Debug|Any CPU = Debug|Any CPU
		Release|Any CPU = Release|Any CPU
	EndGlobalSection
	GlobalSection(ProjectConfigurationPlatforms) = postSolution
		{E0A7BD89-A225-477D-9219-2A7E226B9ED4}.Debug|Any CPU.ActiveCfg = Debug|Any CPU
		{E0A7BD89-A225-477D-9219-2A7E226B9ED4}.Debug|Any CPU.Build.0 = Debug|Any CPU
		{E0A7BD89-A225-477D-9219-2A7E226B9ED4}.Release|Any CPU.ActiveCfg = Release|Any CPU
		{E0A7BD89-A225-477D-9219-2A7E226B9ED4}.Release|Any CPU.Build.0 = Release|Any CPU
		{D31CF719-5183-44A0-BABE-6B7EEE29E4F9}.Debug|Any CPU.ActiveCfg = Debug|Any CPU
		{D31CF719-5183-44A0-BABE-6B7EEE29E4F9}.Debug|Any CPU.Build.0 = Debug|Any CPU
		{D31CF719-5183-44A0-BABE-6B7EEE29E4F9}.Release|Any CPU.ActiveCfg = Release|Any CPU
		{D31CF719-5183-44A0-BABE-6B7EEE29E4F9}.Release|Any CPU.Build.0 = Release|Any CPU
	EndGlobalSection
	GlobalSection(SolutionProperties) = preSolution
		HideSolutionNode = FALSE
	EndGlobalSection
EndGlobal
